
Microsoft Visual Studio Solution File, Format Version 12.00
# Visual Studio Version 17
VisualStudioVersion = 17.0.31903.59
MinimumVisualStudioVersion = 10.0.40219.1
Project("{2150E333-8FDC-42A3-9474-1A3956D46DE8}") = "src", "src", "{827E0CD3-B72D-47B6-A68D-7590B98EB39B}"
EndProject
Project("{FAE04EC0-301F-11D3-BF4B-00C04F79EFBC}") = "PowerOrchestrator.Core", "src\PowerOrchestrator.Core\PowerOrchestrator.Core.csproj", "{FDABD1DB-2344-4743-B28C-6EA0FAEA1F3A}"
EndProject
Project("{FAE04EC0-301F-11D3-BF4B-00C04F79EFBC}") = "PowerOrchestrator.Service", "src\PowerOrchestrator.Service\PowerOrchestrator.Service.csproj", "{F36C7E06-D08E-42AC-A715-E3D62C8FBD46}"
EndProject
Project("{FAE04EC0-301F-11D3-BF4B-00C04F79EFBC}") = "PowerOrchestrator.Tests", "src\PowerOrchestrator.Tests\PowerOrchestrator.Tests.csproj", "{398EA03C-A48A-4AF5-9280-90EF4BCC75D6}"
EndProject
Global
	GlobalSection(SolutionConfigurationPlatforms) = preSolution
		Debug|Any CPU = Debug|Any CPU
		Debug|x64 = Debug|x64
		Debug|x86 = Debug|x86
		Release|Any CPU = Release|Any CPU
		Release|x64 = Release|x64
		Release|x86 = Release|x86
	EndGlobalSection
	GlobalSection(ProjectConfigurationPlatforms) = postSolution
		{FDABD1DB-2344-4743-B28C-6EA0FAEA1F3A}.Debug|Any CPU.ActiveCfg = Debug|Any CPU
		{FDABD1DB-2344-4743-B28C-6EA0FAEA1F3A}.Debug|Any CPU.Build.0 = Debug|Any CPU
		{FDABD1DB-2344-4743-B28C-6EA0FAEA1F3A}.Debug|x64.ActiveCfg = Debug|Any CPU
		{FDABD1DB-2344-4743-B28C-6EA0FAEA1F3A}.Debug|x64.Build.0 = Debug|Any CPU
		{FDABD1DB-2344-4743-B28C-6EA0FAEA1F3A}.Debug|x86.ActiveCfg = Debug|Any CPU
		{FDABD1DB-2344-4743-B28C-6EA0FAEA1F3A}.Debug|x86.Build.0 = Debug|Any CPU
		{FDABD1DB-2344-4743-B28C-6EA0FAEA1F3A}.Release|Any CPU.ActiveCfg = Release|Any CPU
		{FDABD1DB-2344-4743-B28C-6EA0FAEA1F3A}.Release|Any CPU.Build.0 = Release|Any CPU
		{FDABD1DB-2344-4743-B28C-6EA0FAEA1F3A}.Release|x64.ActiveCfg = Release|Any CPU
		{FDABD1DB-2344-4743-B28C-6EA0FAEA1F3A}.Release|x64.Build.0 = Release|Any CPU
		{FDABD1DB-2344-4743-B28C-6EA0FAEA1F3A}.Release|x86.ActiveCfg = Release|Any CPU
		{FDABD1DB-2344-4743-B28C-6EA0FAEA1F3A}.Release|x86.Build.0 = Release|Any CPU
		{F36C7E06-D08E-42AC-A715-E3D62C8FBD46}.Debug|Any CPU.ActiveCfg = Debug|Any CPU
		{F36C7E06-D08E-42AC-A715-E3D62C8FBD46}.Debug|Any CPU.Build.0 = Debug|Any CPU
		{F36C7E06-D08E-42AC-A715-E3D62C8FBD46}.Debug|x64.ActiveCfg = Debug|Any CPU
		{F36C7E06-D08E-42AC-A715-E3D62C8FBD46}.Debug|x64.Build.0 = Debug|Any CPU
		{F36C7E06-D08E-42AC-A715-E3D62C8FBD46}.Debug|x86.ActiveCfg = Debug|Any CPU
		{F36C7E06-D08E-42AC-A715-E3D62C8FBD46}.Debug|x86.Build.0 = Debug|Any CPU
		{F36C7E06-D08E-42AC-A715-E3D62C8FBD46}.Release|Any CPU.ActiveCfg = Release|Any CPU
		{F36C7E06-D08E-42AC-A715-E3D62C8FBD46}.Release|Any CPU.Build.0 = Release|Any CPU
		{F36C7E06-D08E-42AC-A715-E3D62C8FBD46}.Release|x64.ActiveCfg = Release|Any CPU
		{F36C7E06-D08E-42AC-A715-E3D62C8FBD46}.Release|x64.Build.0 = Release|Any CPU
		{F36C7E06-D08E-42AC-A715-E3D62C8FBD46}.Release|x86.ActiveCfg = Release|Any CPU
		{F36C7E06-D08E-42AC-A715-E3D62C8FBD46}.Release|x86.Build.0 = Release|Any CPU
		{398EA03C-A48A-4AF5-9280-90EF4BCC75D6}.Debug|Any CPU.ActiveCfg = Debug|Any CPU
		{398EA03C-A48A-4AF5-9280-90EF4BCC75D6}.Debug|Any CPU.Build.0 = Debug|Any CPU
		{398EA03C-A48A-4AF5-9280-90EF4BCC75D6}.Debug|x64.ActiveCfg = Debug|Any CPU
		{398EA03C-A48A-4AF5-9280-90EF4BCC75D6}.Debug|x64.Build.0 = Debug|Any CPU
		{398EA03C-A48A-4AF5-9280-90EF4BCC75D6}.Debug|x86.ActiveCfg = Debug|Any CPU
		{398EA03C-A48A-4AF5-9280-90EF4BCC75D6}.Debug|x86.Build.0 = Debug|Any CPU
		{398EA03C-A48A-4AF5-9280-90EF4BCC75D6}.Release|Any CPU.ActiveCfg = Release|Any CPU
		{398EA03C-A48A-4AF5-9280-90EF4BCC75D6}.Release|Any CPU.Build.0 = Release|Any CPU
		{398EA03C-A48A-4AF5-9280-90EF4BCC75D6}.Release|x64.ActiveCfg = Release|Any CPU
		{398EA03C-A48A-4AF5-9280-90EF4BCC75D6}.Release|x64.Build.0 = Release|Any CPU
		{398EA03C-A48A-4AF5-9280-90EF4BCC75D6}.Release|x86.ActiveCfg = Release|Any CPU
		{398EA03C-A48A-4AF5-9280-90EF4BCC75D6}.Release|x86.Build.0 = Release|Any CPU
	EndGlobalSection
	GlobalSection(SolutionProperties) = preSolution
		HideSolutionNode = FALSE
	EndGlobalSection
	GlobalSection(NestedProjects) = preSolution
		{FDABD1DB-2344-4743-B28C-6EA0FAEA1F3A} = {827E0CD3-B72D-47B6-A68D-7590B98EB39B}
		{F36C7E06-D08E-42AC-A715-E3D62C8FBD46} = {827E0CD3-B72D-47B6-A68D-7590B98EB39B}
		{398EA03C-A48A-4AF5-9280-90EF4BCC75D6} = {827E0CD3-B72D-47B6-A68D-7590B98EB39B}
	EndGlobalSection
EndGlobal
